<?xml version="1.0" encoding="utf-8"?>
<Project ToolsVersion="14.0" xmlns="http://schemas.microsoft.com/developer/msbuild/2003">
  <ItemGroup>
    <CustomBuild Include="F:\Year 3\Games Programming\lab5\include\reactLib\CMakeFiles\b566190fb6f6970e406fcae981c726ae\RUN_TESTS_force.rule">
      <Filter>CMake Rules</Filter>
    </CustomBuild>
  </ItemGroup>
  <ItemGroup>
    <Filter Include="CMake Rules">
      <UniqueIdentifier>{732029EB-4540-39F9-BA06-4E5160FDD13A}</UniqueIdentifier>
    </Filter>
  </ItemGroup>
</Project>
